{
  "name": "@notiflyio/sdk",
  "version": "0.1.0",
  "lockfileVersion": 3,
  "requires": true,
  "packages": {
    "": {
      "name": "@notiflyio/sdk",
      "version": "0.1.0",
      "license": "MIT",
      "dependencies": {
        "@notiflyio/api": "^0.1.26"
      },
      "devDependencies": {
        "typescript": "5.8.3"
      }
    },
    "node_modules/@notiflyio/api": {
      "version": "0.1.26",
      "resolved": "https://registry.npmjs.org/@notiflyio/api/-/api-0.1.26.tgz",
      "integrity": "sha512-1RfIc4Nt0DrjfGj3o6kBwuKehvz3VM7q1+SBDQa9Uwrqkw7jS9XWLQv66en1O/fkpbi06IiEk9SDZKOr66aR1w==",
      "license": "MIT",
      "dependencies": {
        "zod": "^3.25.0 || ^4.0.0"
      },
      "peerDependencies": {
        "@tanstack/react-query": "^5",
        "react": "^18 || ^19",
        "react-dom": "^18 || ^19"
      },
      "peerDependenciesMeta": {
        "@tanstack/react-query": {
          "optional": true
        },
        "react": {
          "optional": true
        },
        "react-dom": {
          "optional": true
        }
      }
    },
    "node_modules/typescript": {
      "version": "5.8.3",
      "resolved": "https://registry.npmjs.org/typescript/-/typescript-5.8.3.tgz",
      "integrity": "sha512-p1diW6TqL9L07nNxvRMM7hMMw4c5XOo/1ibL4aAIGmSAt9slTE1Xgw5KWuof2uTOvCg9BY7ZRi+GaF+7sfgPeQ==",
      "dev": true,
      "license": "Apache-2.0",
      "bin": {
        "tsc": "bin/tsc",
        "tsserver": "bin/tsserver"
      },
      "engines": {
        "node": ">=14.17"
      }
    },
    "node_modules/zod": {
      "version": "4.6.5",
      "resolved": "https://registry.npmjs.org/zod/-/zod-4.6.5.tgz",
      "integrity": "sha512-v5l/aFXZQeai4awLbOpSoHecE9UiMrnfx75tEXLjNonXVARxQ5mOeipTjROUchszUNCqnE+hqAMujRsRHsut2Q==",
      "license": "MIT",
      "funding": {
        "url": "https://github.com/sponsors/colinhacks"
      }
    }
  }
}
